{
  "name": "ts-test",
  "version": "1.0.0",
  "lockfileVersion": 1,
  "requires": true,
  "dependencies": {
    "@types/node": {
      "version": "16.11.4",
      "resolved": "http://registry.npm.haodf.net/@types%2fnode/-/node-16.11.4.tgz",
      "integrity": "sha1-kHcRJIItZmOBT3wcm0WmZU2P2WQ=",
      "dev": true
    }
  }
}
